
Microsoft Visual Studio Solution File, Format Version 12.00
# Visual Studio 15
VisualStudioVersion = 15.0.27703.2042
MinimumVisualStudioVersion = 10.0.40219.1
Project("{FAE04EC0-301F-11D3-BF4B-00C04F79EFBC}") = "KeyGenerator", "KeyGenerator\KeyGenerator.csproj", "{F17DFC3C-2C04-4DEE-9A24-1FFE61DBAAA2}"
EndProject
Global
	GlobalSection(SolutionConfigurationPlatforms) = preSolution
		Debug|Any CPU = Debug|Any CPU
		Release|Any CPU = Release|Any CPU
	EndGlobalSection
	GlobalSection(ProjectConfigurationPlatforms) = postSolution
		{F17DFC3C-2C04-4DEE-9A24-1FFE61DBAAA2}.Debug|Any CPU.ActiveCfg = Debug|Any CPU
		{F17DFC3C-2C04-4DEE-9A24-1FFE61DBAAA2}.Debug|Any CPU.Build.0 = Debug|Any CPU
		{F17DFC3C-2C04-4DEE-9A24-1FFE61DBAAA2}.Release|Any CPU.ActiveCfg = Release|Any CPU
		{F17DFC3C-2C04-4DEE-9A24-1FFE61DBAAA2}.Release|Any CPU.Build.0 = Release|Any CPU
	EndGlobalSection
	GlobalSection(SolutionProperties) = preSolution
		HideSolutionNode = FALSE
	EndGlobalSection
	GlobalSection(ExtensibilityGlobals) = postSolution
		SolutionGuid = {824D03B3-DAB1-4D9C-8210-88E638C61FAA}
	EndGlobalSection
EndGlobal
